// !$*UTF8*$!
{
	archiveVersion = 1;
	classes = {
	};
	objectVersion = 50;
	objects = {

/* Begin PBXBuildFile section */
		29EC1FEA25D69EC70085C5F7 /* AppDelegate.swift in Sources */ = {isa = PBXBuildFile; fileRef = 29EC1FE925D69EC70085C5F7 /* AppDelegate.swift */; };
		29EC1FEC25D69EC70085C5F7 /* SceneDelegate.swift in Sources */ = {isa = PBXBuildFile; fileRef = 29EC1FEB25D69EC70085C5F7 /* SceneDelegate.swift */; };
		29EC1FF125D69EC70085C5F7 /* Main.storyboard in Resources */ = {isa = PBXBuildFile; fileRef = 29EC1FEF25D69EC70085C5F7 /* Main.storyboard */; };
		29EC1FF325D69ECB0085C5F7 /* Assets.xcassets in Resources */ = {isa = PBXBuildFile; fileRef = 29EC1FF225D69ECB0085C5F7 /* Assets.xcassets */; };
		29EC1FF625D69ECB0085C5F7 /* LaunchScreen.storyboard in Resources */ = {isa = PBXBuildFile; fileRef = 29EC1FF425D69ECB0085C5F7 /* LaunchScreen.storyboard */; };
		29EC200125D69ECB0085C5F7 /* GoogleBooksTests.swift in Sources */ = {isa = PBXBuildFile; fileRef = 29EC200025D69ECB0085C5F7 /* GoogleBooksTests.swift */; };
		29EC200C25D69ECB0085C5F7 /* GoogleBooksUITests.swift in Sources */ = {isa = PBXBuildFile; fileRef = 29EC200B25D69ECB0085C5F7 /* GoogleBooksUITests.swift */; };
		29EC202725D6A1090085C5F7 /* Config.swift in Sources */ = {isa = PBXBuildFile; fileRef = 29EC202625D6A1090085C5F7 /* Config.swift */; };
		29EC203125D6A14F0085C5F7 /* Constants.swift in Sources */ = {isa = PBXBuildFile; fileRef = 29EC203025D6A14F0085C5F7 /* Constants.swift */; };
		29EC203925D6A15A0085C5F7 /* Utils.swift in Sources */ = {isa = PBXBuildFile; fileRef = 29EC203825D6A15A0085C5F7 /* Utils.swift */; };
		29EC204625D6A2530085C5F7 /* BookFinderViewController.swift in Sources */ = {isa = PBXBuildFile; fileRef = 29EC204525D6A2530085C5F7 /* BookFinderViewController.swift */; };
		29EC204B25D6A2670085C5F7 /* BookInfoViewController.swift in Sources */ = {isa = PBXBuildFile; fileRef = 29EC204A25D6A2670085C5F7 /* BookInfoViewController.swift */; };
		29EC205025D6A28E0085C5F7 /* BookInfoViewModel.swift in Sources */ = {isa = PBXBuildFile; fileRef = 29EC204F25D6A28E0085C5F7 /* BookInfoViewModel.swift */; };
		29EC205825D6A2B90085C5F7 /* BookFinderViewModel.swift in Sources */ = {isa = PBXBuildFile; fileRef = 29EC205725D6A2B90085C5F7 /* BookFinderViewModel.swift */; };
		29EC206025D6A5910085C5F7 /* BookCell.swift in Sources */ = {isa = PBXBuildFile; fileRef = 29EC205F25D6A5910085C5F7 /* BookCell.swift */; };
/* End PBXBuildFile section */

/* Begin PBXContainerItemProxy section */
		29EC1FFD25D69ECB0085C5F7 /* PBXContainerItemProxy */ = {
			isa = PBXContainerItemProxy;
			containerPortal = 29EC1FDE25D69EC70085C5F7 /* Project object */;
			proxyType = 1;
			remoteGlobalIDString = 29EC1FE525D69EC70085C5F7;
			remoteInfo = GoogleBooks;
		};
		29EC200825D69ECB0085C5F7 /* PBXContainerItemProxy */ = {
			isa = PBXContainerItemProxy;
			containerPortal = 29EC1FDE25D69EC70085C5F7 /* Project object */;
			proxyType = 1;
			remoteGlobalIDString = 29EC1FE525D69EC70085C5F7;
			remoteInfo = GoogleBooks;
		};
/* End PBXContainerItemProxy section */

/* Begin PBXFileReference section */
		29EC1FE625D69EC70085C5F7 /* GoogleBooks.app */ = {isa = PBXFileReference; explicitFileType = wrapper.application; includeInIndex = 0; path = GoogleBooks.app; sourceTree = BUILT_PRODUCTS_DIR; };
		29EC1FE925D69EC70085C5F7 /* AppDelegate.swift */ = {isa = PBXFileReference; lastKnownFileType = sourcecode.swift; path = AppDelegate.swift; sourceTree = "<group>"; };
		29EC1FEB25D69EC70085C5F7 /* SceneDelegate.swift */ = {isa = PBXFileReference; lastKnownFileType = sourcecode.swift; path = SceneDelegate.swift; sourceTree = "<group>"; };
		29EC1FF025D69EC70085C5F7 /* Base */ = {isa = PBXFileReference; lastKnownFileType = file.storyboard; name = Base; path = Base.lproj/Main.storyboard; sourceTree = "<group>"; };
		29EC1FF225D69ECB0085C5F7 /* Assets.xcassets */ = {isa = PBXFileReference; lastKnownFileType = folder.assetcatalog; path = Assets.xcassets; sourceTree = "<group>"; };
		29EC1FF525D69ECB0085C5F7 /* Base */ = {isa = PBXFileReference; lastKnownFileType = file.storyboard; name = Base; path = Base.lproj/LaunchScreen.storyboard; sourceTree = "<group>"; };
		29EC1FF725D69ECB0085C5F7 /* Info.plist */ = {isa = PBXFileReference; lastKnownFileType = text.plist.xml; path = Info.plist; sourceTree = "<group>"; };
		29EC1FFC25D69ECB0085C5F7 /* GoogleBooksTests.xctest */ = {isa = PBXFileReference; explicitFileType = wrapper.cfbundle; includeInIndex = 0; path = GoogleBooksTests.xctest; sourceTree = BUILT_PRODUCTS_DIR; };
		29EC200025D69ECB0085C5F7 /* GoogleBooksTests.swift */ = {isa = PBXFileReference; lastKnownFileType = sourcecode.swift; path = GoogleBooksTests.swift; sourceTree = "<group>"; };
		29EC200225D69ECB0085C5F7 /* Info.plist */ = {isa = PBXFileReference; lastKnownFileType = text.plist.xml; path = Info.plist; sourceTree = "<group>"; };
		29EC200725D69ECB0085C5F7 /* GoogleBooksUITests.xctest */ = {isa = PBXFileReference; explicitFileType = wrapper.cfbundle; includeInIndex = 0; path = GoogleBooksUITests.xctest; sourceTree = BUILT_PRODUCTS_DIR; };
		29EC200B25D69ECB0085C5F7 /* GoogleBooksUITests.swift */ = {isa = PBXFileReference; lastKnownFileType = sourcecode.swift; path = GoogleBooksUITests.swift; sourceTree = "<group>"; };
		29EC200D25D69ECB0085C5F7 /* Info.plist */ = {isa = PBXFileReference; lastKnownFileType = text.plist.xml; path = Info.plist; sourceTree = "<group>"; };
		29EC202625D6A1090085C5F7 /* Config.swift */ = {isa = PBXFileReference; lastKnownFileType = sourcecode.swift; path = Config.swift; sourceTree = "<group>"; };
		29EC203025D6A14F0085C5F7 /* Constants.swift */ = {isa = PBXFileReference; lastKnownFileType = sourcecode.swift; path = Constants.swift; sourceTree = "<group>"; };
		29EC203825D6A15A0085C5F7 /* Utils.swift */ = {isa = PBXFileReference; lastKnownFileType = sourcecode.swift; path = Utils.swift; sourceTree = "<group>"; };
		29EC204525D6A2530085C5F7 /* BookFinderViewController.swift */ = {isa = PBXFileReference; lastKnownFileType = sourcecode.swift; path = BookFinderViewController.swift; sourceTree = "<group>"; };
		29EC204A25D6A2670085C5F7 /* BookInfoViewController.swift */ = {isa = PBXFileReference; lastKnownFileType = sourcecode.swift; path = BookInfoViewController.swift; sourceTree = "<group>"; };
		29EC204F25D6A28E0085C5F7 /* BookInfoViewModel.swift */ = {isa = PBXFileReference; lastKnownFileType = sourcecode.swift; path = BookInfoViewModel.swift; sourceTree = "<group>"; };
		29EC205725D6A2B90085C5F7 /* BookFinderViewModel.swift */ = {isa = PBXFileReference; lastKnownFileType = sourcecode.swift; path = BookFinderViewModel.swift; sourceTree = "<group>"; };
		29EC205F25D6A5910085C5F7 /* BookCell.swift */ = {isa = PBXFileReference; lastKnownFileType = sourcecode.swift; path = BookCell.swift; sourceTree = "<group>"; };
/* End PBXFileReference section */

/* Begin PBXFrameworksBuildPhase section */
		29EC1FE325D69EC70085C5F7 /* Frameworks */ = {
			isa = PBXFrameworksBuildPhase;
			buildActionMask = 2147483647;
			files = (
			);
			runOnlyForDeploymentPostprocessing = 0;
		};
		29EC1FF925D69ECB0085C5F7 /* Frameworks */ = {
			isa = PBXFrameworksBuildPhase;
			buildActionMask = 2147483647;
			files = (
			);
			runOnlyForDeploymentPostprocessing = 0;
		};
		29EC200425D69ECB0085C5F7 /* Frameworks */ = {
			isa = PBXFrameworksBuildPhase;
			buildActionMask = 2147483647;
			files = (
			);
			runOnlyForDeploymentPostprocessing = 0;
		};
/* End PBXFrameworksBuildPhase section */

/* Begin PBXGroup section */
		29EC1FDD25D69EC70085C5F7 = {
			isa = PBXGroup;
			children = (
				29EC1FE825D69EC70085C5F7 /* GoogleBooks */,
				29EC1FFF25D69ECB0085C5F7 /* GoogleBooksTests */,
				29EC200A25D69ECB0085C5F7 /* GoogleBooksUITests */,
				29EC1FE725D69EC70085C5F7 /* Products */,
			);
			sourceTree = "<group>";
		};
		29EC1FE725D69EC70085C5F7 /* Products */ = {
			isa = PBXGroup;
			children = (
				29EC1FE625D69EC70085C5F7 /* GoogleBooks.app */,
				29EC1FFC25D69ECB0085C5F7 /* GoogleBooksTests.xctest */,
				29EC200725D69ECB0085C5F7 /* GoogleBooksUITests.xctest */,
			);
			name = Products;
			sourceTree = "<group>";
		};
		29EC1FE825D69EC70085C5F7 /* GoogleBooks */ = {
			isa = PBXGroup;
			children = (
				29EC201F25D6A0880085C5F7 /* Application */,
				29EC202025D6A0C80085C5F7 /* Common */,
				29EC202125D6A0CF0085C5F7 /* Resources */,
				29EC202225D6A0D60085C5F7 /* Supporting Files */,
			);
			path = GoogleBooks;
			sourceTree = "<group>";
		};
		29EC1FFF25D69ECB0085C5F7 /* GoogleBooksTests */ = {
			isa = PBXGroup;
			children = (
				29EC200025D69ECB0085C5F7 /* GoogleBooksTests.swift */,
				29EC200225D69ECB0085C5F7 /* Info.plist */,
			);
			path = GoogleBooksTests;
			sourceTree = "<group>";
		};
		29EC200A25D69ECB0085C5F7 /* GoogleBooksUITests */ = {
			isa = PBXGroup;
			children = (
				29EC200B25D69ECB0085C5F7 /* GoogleBooksUITests.swift */,
				29EC200D25D69ECB0085C5F7 /* Info.plist */,
			);
			path = GoogleBooksUITests;
			sourceTree = "<group>";
		};
		29EC201F25D6A0880085C5F7 /* Application */ = {
			isa = PBXGroup;
			children = (
				29EC1FE925D69EC70085C5F7 /* AppDelegate.swift */,
				29EC1FEB25D69EC70085C5F7 /* SceneDelegate.swift */,
				29EC202425D6A0E70085C5F7 /* Protocols */,
				29EC202325D6A0DF0085C5F7 /* ViewControllers */,
			);
			path = Application;
			sourceTree = "<group>";
		};
		29EC202025D6A0C80085C5F7 /* Common */ = {
			isa = PBXGroup;
			children = (
				29EC202E25D6A1340085C5F7 /* Helpers */,
				29EC202D25D6A12E0085C5F7 /* Models */,
				29EC202C25D6A1240085C5F7 /* Libraries */,
				29EC202625D6A1090085C5F7 /* Config.swift */,
				29EC202B25D6A1160085C5F7 /* Networking */,
			);
			path = Common;
			sourceTree = "<group>";
		};
		29EC202125D6A0CF0085C5F7 /* Resources */ = {
			isa = PBXGroup;
			children = (
				29EC1FEF25D69EC70085C5F7 /* Main.storyboard */,
				29EC1FF425D69ECB0085C5F7 /* LaunchScreen.storyboard */,
				29EC1FF225D69ECB0085C5F7 /* Assets.xcassets */,
			);
			path = Resources;
			sourceTree = "<group>";
		};
		29EC202225D6A0D60085C5F7 /* Supporting Files */ = {
			isa = PBXGroup;
			children = (
				29EC1FF725D69ECB0085C5F7 /* Info.plist */,
			);
			path = "Supporting Files";
			sourceTree = "<group>";
		};
		29EC202325D6A0DF0085C5F7 /* ViewControllers */ = {
			isa = PBXGroup;
			children = (
				29EC204125D6A1EA0085C5F7 /* ViewModels */,
				29EC204525D6A2530085C5F7 /* BookFinderViewController.swift */,
				29EC204A25D6A2670085C5F7 /* BookInfoViewController.swift */,
				29EC202525D6A0F00085C5F7 /* Cells */,
			);
			path = ViewControllers;
			sourceTree = "<group>";
		};
		29EC202425D6A0E70085C5F7 /* Protocols */ = {
			isa = PBXGroup;
			children = (
			);
			path = Protocols;
			sourceTree = "<group>";
		};
		29EC202525D6A0F00085C5F7 /* Cells */ = {
			isa = PBXGroup;
			children = (
				29EC205F25D6A5910085C5F7 /* BookCell.swift */,
			);
			path = Cells;
			sourceTree = "<group>";
		};
		29EC202B25D6A1160085C5F7 /* Networking */ = {
			isa = PBXGroup;
			children = (
				29EC203D25D6A1A90085C5F7 /* Models */,
			);
			path = Networking;
			sourceTree = "<group>";
		};
		29EC202C25D6A1240085C5F7 /* Libraries */ = {
			isa = PBXGroup;
			children = (
			);
			path = Libraries;
			sourceTree = "<group>";
		};
		29EC202D25D6A12E0085C5F7 /* Models */ = {
			isa = PBXGroup;
			children = (
			);
			path = Models;
			sourceTree = "<group>";
		};
		29EC202E25D6A1340085C5F7 /* Helpers */ = {
			isa = PBXGroup;
			children = (
				29EC202F25D6A13A0085C5F7 /* Extensions */,
				29EC203025D6A14F0085C5F7 /* Constants.swift */,
				29EC203825D6A15A0085C5F7 /* Utils.swift */,
			);
			path = Helpers;
			sourceTree = "<group>";
		};
		29EC202F25D6A13A0085C5F7 /* Extensions */ = {
			isa = PBXGroup;
			children = (
			);
			path = Extensions;
			sourceTree = "<group>";
		};
		29EC203D25D6A1A90085C5F7 /* Models */ = {
			isa = PBXGroup;
			children = (
			);
			path = Models;
			sourceTree = "<group>";
		};
		29EC204125D6A1EA0085C5F7 /* ViewModels */ = {
			isa = PBXGroup;
			children = (
				29EC204F25D6A28E0085C5F7 /* BookInfoViewModel.swift */,
				29EC205725D6A2B90085C5F7 /* BookFinderViewModel.swift */,
			);
			path = ViewModels;
			sourceTree = "<group>";
		};
/* End PBXGroup section */

/* Begin PBXNativeTarget section */
		29EC1FE525D69EC70085C5F7 /* GoogleBooks */ = {
			isa = PBXNativeTarget;
			buildConfigurationList = 29EC201025D69ECB0085C5F7 /* Build configuration list for PBXNativeTarget "GoogleBooks" */;
			buildPhases = (
				29EC1FE225D69EC70085C5F7 /* Sources */,
				29EC1FE325D69EC70085C5F7 /* Frameworks */,
				29EC1FE425D69EC70085C5F7 /* Resources */,
			);
			buildRules = (
			);
			dependencies = (
			);
			name = GoogleBooks;
			productName = GoogleBooks;
			productReference = 29EC1FE625D69EC70085C5F7 /* GoogleBooks.app */;
			productType = "com.apple.product-type.application";
		};
		29EC1FFB25D69ECB0085C5F7 /* GoogleBooksTests */ = {
			isa = PBXNativeTarget;
			buildConfigurationList = 29EC201325D69ECB0085C5F7 /* Build configuration list for PBXNativeTarget "GoogleBooksTests" */;
			buildPhases = (
				29EC1FF825D69ECB0085C5F7 /* Sources */,
				29EC1FF925D69ECB0085C5F7 /* Frameworks */,
				29EC1FFA25D69ECB0085C5F7 /* Resources */,
			);
			buildRules = (
			);
			dependencies = (
				29EC1FFE25D69ECB0085C5F7 /* PBXTargetDependency */,
			);
			name = GoogleBooksTests;
			productName = GoogleBooksTests;
			productReference = 29EC1FFC25D69ECB0085C5F7 /* GoogleBooksTests.xctest */;
			productType = "com.apple.product-type.bundle.unit-test";
		};
		29EC200625D69ECB0085C5F7 /* GoogleBooksUITests */ = {
			isa = PBXNativeTarget;
			buildConfigurationList = 29EC201625D69ECB0085C5F7 /* Build configuration list for PBXNativeTarget "GoogleBooksUITests" */;
			buildPhases = (
				29EC200325D69ECB0085C5F7 /* Sources */,
				29EC200425D69ECB0085C5F7 /* Frameworks */,
				29EC200525D69ECB0085C5F7 /* Resources */,
			);
			buildRules = (
			);
			dependencies = (
				29EC200925D69ECB0085C5F7 /* PBXTargetDependency */,
			);
			name = GoogleBooksUITests;
			productName = GoogleBooksUITests;
			productReference = 29EC200725D69ECB0085C5F7 /* GoogleBooksUITests.xctest */;
			productType = "com.apple.product-type.bundle.ui-testing";
		};
/* End PBXNativeTarget section */

/* Begin PBXProject section */
		29EC1FDE25D69EC70085C5F7 /* Project object */ = {
			isa = PBXProject;
			attributes = {
				LastSwiftUpdateCheck = 1230;
				LastUpgradeCheck = 1230;
				TargetAttributes = {
					29EC1FE525D69EC70085C5F7 = {
						CreatedOnToolsVersion = 12.3;
					};
					29EC1FFB25D69ECB0085C5F7 = {
						CreatedOnToolsVersion = 12.3;
						TestTargetID = 29EC1FE525D69EC70085C5F7;
					};
					29EC200625D69ECB0085C5F7 = {
						CreatedOnToolsVersion = 12.3;
						TestTargetID = 29EC1FE525D69EC70085C5F7;
					};
				};
			};
			buildConfigurationList = 29EC1FE125D69EC70085C5F7 /* Build configuration list for PBXProject "GoogleBooks" */;
			compatibilityVersion = "Xcode 9.3";
			developmentRegion = en;
			hasScannedForEncodings = 0;
			knownRegions = (
				en,
				Base,
			);
			mainGroup = 29EC1FDD25D69EC70085C5F7;
			productRefGroup = 29EC1FE725D69EC70085C5F7 /* Products */;
			projectDirPath = "";
			projectRoot = "";
			targets = (
				29EC1FE525D69EC70085C5F7 /* GoogleBooks */,
				29EC1FFB25D69ECB0085C5F7 /* GoogleBooksTests */,
				29EC200625D69ECB0085C5F7 /* GoogleBooksUITests */,
			);
		};
/* End PBXProject section */

/* Begin PBXResourcesBuildPhase section */
		29EC1FE425D69EC70085C5F7 /* Resources */ = {
			isa = PBXResourcesBuildPhase;
			buildActionMask = 2147483647;
			files = (
				29EC1FF625D69ECB0085C5F7 /* LaunchScreen.storyboard in Resources */,
				29EC1FF325D69ECB0085C5F7 /* Assets.xcassets in Resources */,
				29EC1FF125D69EC70085C5F7 /* Main.storyboard in Resources */,
			);
			runOnlyForDeploymentPostprocessing = 0;
		};
		29EC1FFA25D69ECB0085C5F7 /* Resources */ = {
			isa = PBXResourcesBuildPhase;
			buildActionMask = 2147483647;
			files = (
			);
			runOnlyForDeploymentPostprocessing = 0;
		};
		29EC200525D69ECB0085C5F7 /* Resources */ = {
			isa = PBXResourcesBuildPhase;
			buildActionMask = 2147483647;
			files = (
			);
			runOnlyForDeploymentPostprocessing = 0;
		};
/* End PBXResourcesBuildPhase section */

/* Begin PBXSourcesBuildPhase section */
		29EC1FE225D69EC70085C5F7 /* Sources */ = {
			isa = PBXSourcesBuildPhase;
			buildActionMask = 2147483647;
			files = (
				29EC203125D6A14F0085C5F7 /* Constants.swift in Sources */,
				29EC202725D6A1090085C5F7 /* Config.swift in Sources */,
				29EC1FEA25D69EC70085C5F7 /* AppDelegate.swift in Sources */,
				29EC1FEC25D69EC70085C5F7 /* SceneDelegate.swift in Sources */,
				29EC206025D6A5910085C5F7 /* BookCell.swift in Sources */,
				29EC204B25D6A2670085C5F7 /* BookInfoViewController.swift in Sources */,
				29EC205025D6A28E0085C5F7 /* BookInfoViewModel.swift in Sources */,
				29EC204625D6A2530085C5F7 /* BookFinderViewController.swift in Sources */,
				29EC203925D6A15A0085C5F7 /* Utils.swift in Sources */,
				29EC205825D6A2B90085C5F7 /* BookFinderViewModel.swift in Sources */,
			);
			runOnlyForDeploymentPostprocessing = 0;
		};
		29EC1FF825D69ECB0085C5F7 /* Sources */ = {
			isa = PBXSourcesBuildPhase;
			buildActionMask = 2147483647;
			files = (
				29EC200125D69ECB0085C5F7 /* GoogleBooksTests.swift in Sources */,
			);
			runOnlyForDeploymentPostprocessing = 0;
		};
		29EC200325D69ECB0085C5F7 /* Sources */ = {
			isa = PBXSourcesBuildPhase;
			buildActionMask = 2147483647;
			files = (
				29EC200C25D69ECB0085C5F7 /* GoogleBooksUITests.swift in Sources */,
			);
			runOnlyForDeploymentPostprocessing = 0;
		};
/* End PBXSourcesBuildPhase section */

/* Begin PBXTargetDependency section */
		29EC1FFE25D69ECB0085C5F7 /* PBXTargetDependency */ = {
			isa = PBXTargetDependency;
			target = 29EC1FE525D69EC70085C5F7 /* GoogleBooks */;
			targetProxy = 29EC1FFD25D69ECB0085C5F7 /* PBXContainerItemProxy */;
		};
		29EC200925D69ECB0085C5F7 /* PBXTargetDependency */ = {
			isa = PBXTargetDependency;
			target = 29EC1FE525D69EC70085C5F7 /* GoogleBooks */;
			targetProxy = 29EC200825D69ECB0085C5F7 /* PBXContainerItemProxy */;
		};
/* End PBXTargetDependency section */

/* Begin PBXVariantGroup section */
		29EC1FEF25D69EC70085C5F7 /* Main.storyboard */ = {
			isa = PBXVariantGroup;
			children = (
				29EC1FF025D69EC70085C5F7 /* Base */,
			);
			name = Main.storyboard;
			sourceTree = "<group>";
		};
		29EC1FF425D69ECB0085C5F7 /* LaunchScreen.storyboard */ = {
			isa = PBXVariantGroup;
			children = (
				29EC1FF525D69ECB0085C5F7 /* Base */,
			);
			name = LaunchScreen.storyboard;
			sourceTree = "<group>";
		};
/* End PBXVariantGroup section */

/* Begin XCBuildConfiguration section */
		29EC200E25D69ECB0085C5F7 /* Debug */ = {
			isa = XCBuildConfiguration;
			buildSettings = {
				ALWAYS_SEARCH_USER_PATHS = NO;
				CLANG_ANALYZER_NONNULL = YES;
				CLANG_ANALYZER_NUMBER_OBJECT_CONVERSION = YES_AGGRESSIVE;
				CLANG_CXX_LANGUAGE_STANDARD = "gnu++14";
				CLANG_CXX_LIBRARY = "libc++";
				CLANG_ENABLE_MODULES = YES;
				CLANG_ENABLE_OBJC_ARC = YES;
				CLANG_ENABLE_OBJC_WEAK = YES;
				CLANG_WARN_BLOCK_CAPTURE_AUTORELEASING = YES;
				CLANG_WARN_BOOL_CONVERSION = YES;
				CLANG_WARN_COMMA = YES;
				CLANG_WARN_CONSTANT_CONVERSION = YES;
				CLANG_WARN_DEPRECATED_OBJC_IMPLEMENTATIONS = YES;
				CLANG_WARN_DIRECT_OBJC_ISA_USAGE = YES_ERROR;
				CLANG_WARN_DOCUMENTATION_COMMENTS = YES;
				CLANG_WARN_EMPTY_BODY = YES;
				CLANG_WARN_ENUM_CONVERSION = YES;
				CLANG_WARN_INFINITE_RECURSION = YES;
				CLANG_WARN_INT_CONVERSION = YES;
				CLANG_WARN_NON_LITERAL_NULL_CONVERSION = YES;
				CLANG_WARN_OBJC_IMPLICIT_RETAIN_SELF = YES;
				CLANG_WARN_OBJC_LITERAL_CONVERSION = YES;
				CLANG_WARN_OBJC_ROOT_CLASS = YES_ERROR;
				CLANG_WARN_QUOTED_INCLUDE_IN_FRAMEWORK_HEADER = YES;
				CLANG_WARN_RANGE_LOOP_ANALYSIS = YES;
				CLANG_WARN_STRICT_PROTOTYPES = YES;
				CLANG_WARN_SUSPICIOUS_MOVE = YES;
				CLANG_WARN_UNGUARDED_AVAILABILITY = YES_AGGRESSIVE;
				CLANG_WARN_UNREACHABLE_CODE = YES;
				CLANG_WARN__DUPLICATE_METHOD_MATCH = YES;
				COPY_PHASE_STRIP = NO;
				DEBUG_INFORMATION_FORMAT = dwarf;
				ENABLE_STRICT_OBJC_MSGSEND = YES;
				ENABLE_TESTABILITY = YES;
				GCC_C_LANGUAGE_STANDARD = gnu11;
				GCC_DYNAMIC_NO_PIC = NO;
				GCC_NO_COMMON_BLOCKS = YES;
				GCC_OPTIMIZATION_LEVEL = 0;
				GCC_PREPROCESSOR_DEFINITIONS = (
					"DEBUG=1",
					"$(inherited)",
				);
				GCC_WARN_64_TO_32_BIT_CONVERSION = YES;
				GCC_WARN_ABOUT_RETURN_TYPE = YES_ERROR;
				GCC_WARN_UNDECLARED_SELECTOR = YES;
				GCC_WARN_UNINITIALIZED_AUTOS = YES_AGGRESSIVE;
				GCC_WARN_UNUSED_FUNCTION = YES;
				GCC_WARN_UNUSED_VARIABLE = YES;
				IPHONEOS_DEPLOYMENT_TARGET = 14.3;
				MTL_ENABLE_DEBUG_INFO = INCLUDE_SOURCE;
				MTL_FAST_MATH = YES;
				ONLY_ACTIVE_ARCH = YES;
				SDKROOT = iphoneos;
				SWIFT_ACTIVE_COMPILATION_CONDITIONS = DEBUG;
				SWIFT_OPTIMIZATION_LEVEL = "-Onone";
			};
			name = Debug;
		};
		29EC200F25D69ECB0085C5F7 /* Release */ = {
			isa = XCBuildConfiguration;
			buildSettings = {
				ALWAYS_SEARCH_USER_PATHS = NO;
				CLANG_ANALYZER_NONNULL = YES;
				CLANG_ANALYZER_NUMBER_OBJECT_CONVERSION = YES_AGGRESSIVE;
				CLANG_CXX_LANGUAGE_STANDARD = "gnu++14";
				CLANG_CXX_LIBRARY = "libc++";
				CLANG_ENABLE_MODULES = YES;
				CLANG_ENABLE_OBJC_ARC = YES;
				CLANG_ENABLE_OBJC_WEAK = YES;
				CLANG_WARN_BLOCK_CAPTURE_AUTORELEASING = YES;
				CLANG_WARN_BOOL_CONVERSION = YES;
				CLANG_WARN_COMMA = YES;
				CLANG_WARN_CONSTANT_CONVERSION = YES;
				CLANG_WARN_DEPRECATED_OBJC_IMPLEMENTATIONS = YES;
				CLANG_WARN_DIRECT_OBJC_ISA_USAGE = YES_ERROR;
				CLANG_WARN_DOCUMENTATION_COMMENTS = YES;
				CLANG_WARN_EMPTY_BODY = YES;
				CLANG_WARN_ENUM_CONVERSION = YES;
				CLANG_WARN_INFINITE_RECURSION = YES;
				CLANG_WARN_INT_CONVERSION = YES;
				CLANG_WARN_NON_LITERAL_NULL_CONVERSION = YES;
				CLANG_WARN_OBJC_IMPLICIT_RETAIN_SELF = YES;
				CLANG_WARN_OBJC_LITERAL_CONVERSION = YES;
				CLANG_WARN_OBJC_ROOT_CLASS = YES_ERROR;
				CLANG_WARN_QUOTED_INCLUDE_IN_FRAMEWORK_HEADER = YES;
				CLANG_WARN_RANGE_LOOP_ANALYSIS = YES;
				CLANG_WARN_STRICT_PROTOTYPES = YES;
				CLANG_WARN_SUSPICIOUS_MOVE = YES;
				CLANG_WARN_UNGUARDED_AVAILABILITY = YES_AGGRESSIVE;
				CLANG_WARN_UNREACHABLE_CODE = YES;
				CLANG_WARN__DUPLICATE_METHOD_MATCH = YES;
				COPY_PHASE_STRIP = NO;
				DEBUG_INFORMATION_FORMAT = "dwarf-with-dsym";
				ENABLE_NS_ASSERTIONS = NO;
				ENABLE_STRICT_OBJC_MSGSEND = YES;
				GCC_C_LANGUAGE_STANDARD = gnu11;
				GCC_NO_COMMON_BLOCKS = YES;
				GCC_WARN_64_TO_32_BIT_CONVERSION = YES;
				GCC_WARN_ABOUT_RETURN_TYPE = YES_ERROR;
				GCC_WARN_UNDECLARED_SELECTOR = YES;
				GCC_WARN_UNINITIALIZED_AUTOS = YES_AGGRESSIVE;
				GCC_WARN_UNUSED_FUNCTION = YES;
				GCC_WARN_UNUSED_VARIABLE = YES;
				IPHONEOS_DEPLOYMENT_TARGET = 14.3;
				MTL_ENABLE_DEBUG_INFO = NO;
				MTL_FAST_MATH = YES;
				SDKROOT = iphoneos;
				SWIFT_COMPILATION_MODE = wholemodule;
				SWIFT_OPTIMIZATION_LEVEL = "-O";
				VALIDATE_PRODUCT = YES;
			};
			name = Release;
		};
		29EC201125D69ECB0085C5F7 /* Debug */ = {
			isa = XCBuildConfiguration;
			buildSettings = {
				ASSETCATALOG_COMPILER_APPICON_NAME = AppIcon;
				ASSETCATALOG_COMPILER_GLOBAL_ACCENT_COLOR_NAME = AccentColor;
				CODE_SIGN_STYLE = Automatic;
				DEVELOPMENT_TEAM = KQ2BLYX47H;
				INFOPLIST_FILE = "GoogleBooks/Supporting Files/Info.plist";
				LD_RUNPATH_SEARCH_PATHS = (
					"$(inherited)",
					"@executable_path/Frameworks",
				);
				PRODUCT_BUNDLE_IDENTIFIER = lk.appsby360.GoogleBooks;
				PRODUCT_NAME = "$(TARGET_NAME)";
				SWIFT_VERSION = 5.0;
				TARGETED_DEVICE_FAMILY = "1,2";
			};
			name = Debug;
		};
		29EC201225D69ECB0085C5F7 /* Release */ = {
			isa = XCBuildConfiguration;
			buildSettings = {
				ASSETCATALOG_COMPILER_APPICON_NAME = AppIcon;
				ASSETCATALOG_COMPILER_GLOBAL_ACCENT_COLOR_NAME = AccentColor;
				CODE_SIGN_STYLE = Automatic;
				DEVELOPMENT_TEAM = KQ2BLYX47H;
				INFOPLIST_FILE = "GoogleBooks/Supporting Files/Info.plist";
				LD_RUNPATH_SEARCH_PATHS = (
					"$(inherited)",
					"@executable_path/Frameworks",
				);
				PRODUCT_BUNDLE_IDENTIFIER = lk.appsby360.GoogleBooks;
				PRODUCT_NAME = "$(TARGET_NAME)";
				SWIFT_VERSION = 5.0;
				TARGETED_DEVICE_FAMILY = "1,2";
			};
			name = Release;
		};
		29EC201425D69ECB0085C5F7 /* Debug */ = {
			isa = XCBuildConfiguration;
			buildSettings = {
				ALWAYS_EMBED_SWIFT_STANDARD_LIBRARIES = YES;
				BUNDLE_LOADER = "$(TEST_HOST)";
				CODE_SIGN_STYLE = Automatic;
				DEVELOPMENT_TEAM = KQ2BLYX47H;
				INFOPLIST_FILE = GoogleBooksTests/Info.plist;
				IPHONEOS_DEPLOYMENT_TARGET = 14.3;
				LD_RUNPATH_SEARCH_PATHS = (
					"$(inherited)",
					"@executable_path/Frameworks",
					"@loader_path/Frameworks",
				);
				PRODUCT_BUNDLE_IDENTIFIER = lk.appsby360.GoogleBooksTests;
				PRODUCT_NAME = "$(TARGET_NAME)";
				SWIFT_VERSION = 5.0;
				TARGETED_DEVICE_FAMILY = "1,2";
				TEST_HOST = "$(BUILT_PRODUCTS_DIR)/GoogleBooks.app/GoogleBooks";
			};
			name = Debug;
		};
		29EC201525D69ECB0085C5F7 /* Release */ = {
			isa = XCBuildConfiguration;
			buildSettings = {
				ALWAYS_EMBED_SWIFT_STANDARD_LIBRARIES = YES;
				BUNDLE_LOADER = "$(TEST_HOST)";
				CODE_SIGN_STYLE = Automatic;
				DEVELOPMENT_TEAM = KQ2BLYX47H;
				INFOPLIST_FILE = GoogleBooksTests/Info.plist;
				IPHONEOS_DEPLOYMENT_TARGET = 14.3;
				LD_RUNPATH_SEARCH_PATHS = (
					"$(inherited)",
					"@executable_path/Frameworks",
					"@loader_path/Frameworks",
				);
				PRODUCT_BUNDLE_IDENTIFIER = lk.appsby360.GoogleBooksTests;
				PRODUCT_NAME = "$(TARGET_NAME)";
				SWIFT_VERSION = 5.0;
				TARGETED_DEVICE_FAMILY = "1,2";
				TEST_HOST = "$(BUILT_PRODUCTS_DIR)/GoogleBooks.app/GoogleBooks";
			};
			name = Release;
		};
		29EC201725D69ECB0085C5F7 /* Debug */ = {
			isa = XCBuildConfiguration;
			buildSettings = {
				ALWAYS_EMBED_SWIFT_STANDARD_LIBRARIES = YES;
				CODE_SIGN_STYLE = Automatic;
				DEVELOPMENT_TEAM = KQ2BLYX47H;
				INFOPLIST_FILE = GoogleBooksUITests/Info.plist;
				LD_RUNPATH_SEARCH_PATHS = (
					"$(inherited)",
					"@executable_path/Frameworks",
					"@loader_path/Frameworks",
				);
				PRODUCT_BUNDLE_IDENTIFIER = lk.appsby360.GoogleBooksUITests;
				PRODUCT_NAME = "$(TARGET_NAME)";
				SWIFT_VERSION = 5.0;
				TARGETED_DEVICE_FAMILY = "1,2";
				TEST_TARGET_NAME = GoogleBooks;
			};
			name = Debug;
		};
		29EC201825D69ECB0085C5F7 /* Release */ = {
			isa = XCBuildConfiguration;
			buildSettings = {
				ALWAYS_EMBED_SWIFT_STANDARD_LIBRARIES = YES;
				CODE_SIGN_STYLE = Automatic;
				DEVELOPMENT_TEAM = KQ2BLYX47H;
				INFOPLIST_FILE = GoogleBooksUITests/Info.plist;
				LD_RUNPATH_SEARCH_PATHS = (
					"$(inherited)",
					"@executable_path/Frameworks",
					"@loader_path/Frameworks",
				);
				PRODUCT_BUNDLE_IDENTIFIER = lk.appsby360.GoogleBooksUITests;
				PRODUCT_NAME = "$(TARGET_NAME)";
				SWIFT_VERSION = 5.0;
				TARGETED_DEVICE_FAMILY = "1,2";
				TEST_TARGET_NAME = GoogleBooks;
			};
			name = Release;
		};
/* End XCBuildConfiguration section */

/* Begin XCConfigurationList section */
		29EC1FE125D69EC70085C5F7 /* Build configuration list for PBXProject "GoogleBooks" */ = {
			isa = XCConfigurationList;
			buildConfigurations = (
				29EC200E25D69ECB0085C5F7 /* Debug */,
				29EC200F25D69ECB0085C5F7 /* Release */,
			);
			defaultConfigurationIsVisible = 0;
			defaultConfigurationName = Release;
		};
		29EC201025D69ECB0085C5F7 /* Build configuration list for PBXNativeTarget "GoogleBooks" */ = {
			isa = XCConfigurationList;
			buildConfigurations = (
				29EC201125D69ECB0085C5F7 /* Debug */,
				29EC201225D69ECB0085C5F7 /* Release */,
			);
			defaultConfigurationIsVisible = 0;
			defaultConfigurationName = Release;
		};
		29EC201325D69ECB0085C5F7 /* Build configuration list for PBXNativeTarget "GoogleBooksTests" */ = {
			isa = XCConfigurationList;
			buildConfigurations = (
				29EC201425D69ECB0085C5F7 /* Debug */,
				29EC201525D69ECB0085C5F7 /* Release */,
			);
			defaultConfigurationIsVisible = 0;
			defaultConfigurationName = Release;
		};
		29EC201625D69ECB0085C5F7 /* Build configuration list for PBXNativeTarget "GoogleBooksUITests" */ = {
			isa = XCConfigurationList;
			buildConfigurations = (
				29EC201725D69ECB0085C5F7 /* Debug */,
				29EC201825D69ECB0085C5F7 /* Release */,
			);
			defaultConfigurationIsVisible = 0;
			defaultConfigurationName = Release;
		};
/* End XCConfigurationList section */
	};
	rootObject = 29EC1FDE25D69EC70085C5F7 /* Project object */;
}
